
Microsoft Visual Studio Solution File, Format Version 12.00
# Visual Studio 2013
VisualStudioVersion = 12.0.31101.0
MinimumVisualStudioVersion = 10.0.40219.1
Project("{2150E333-8FDC-42A3-9474-1A3956D46DE8}") = ".nuget", ".nuget", "{69B6C573-C50F-4C80-9313-D2DDA78C54B7}"
	ProjectSection(SolutionItems) = preProject
		.nuget\NuGet.Config = .nuget\NuGet.Config
		.nuget\NuGet.exe = .nuget\NuGet.exe
		.nuget\NuGet.targets = .nuget\NuGet.targets
	EndProjectSection
EndProject
Project("{FAE04EC0-301F-11D3-BF4B-00C04F79EFBC}") = "website", "website\website.csproj", "{690A89A5-C0D3-4B40-86A5-8DD8F61B3CD0}"
EndProject
Project("{E24C65DC-7377-472B-9ABA-BC803B73C61A}") = "wireframes(2)", "http://localhost:54860", "{B7D53684-C776-4D19-925A-1F3E067F0C0E}"
	ProjectSection(WebsiteProperties) = preProject
		UseIISExpress = "true"
		TargetFrameworkMoniker = ".NETFramework,Version%3Dv4.0"
		Debug.AspNetCompiler.VirtualPath = "/localhost_54860"
		Debug.AspNetCompiler.PhysicalPath = "wireframes\"
		Debug.AspNetCompiler.TargetPath = "PrecompiledWeb\localhost_54860\"
		Debug.AspNetCompiler.Updateable = "true"
		Debug.AspNetCompiler.ForceOverwrite = "true"
		Debug.AspNetCompiler.FixedNames = "false"
		Debug.AspNetCompiler.Debug = "True"
		Release.AspNetCompiler.VirtualPath = "/localhost_54860"
		Release.AspNetCompiler.PhysicalPath = "wireframes\"
		Release.AspNetCompiler.TargetPath = "PrecompiledWeb\localhost_54860\"
		Release.AspNetCompiler.Updateable = "true"
		Release.AspNetCompiler.ForceOverwrite = "true"
		Release.AspNetCompiler.FixedNames = "false"
		Release.AspNetCompiler.Debug = "False"
		SlnRelativePath = "wireframes\"
	EndProjectSection
EndProject
Global
	GlobalSection(SolutionConfigurationPlatforms) = preSolution
		Debug|Any CPU = Debug|Any CPU
		Release|Any CPU = Release|Any CPU
	EndGlobalSection
	GlobalSection(ProjectConfigurationPlatforms) = postSolution
		{690A89A5-C0D3-4B40-86A5-8DD8F61B3CD0}.Debug|Any CPU.ActiveCfg = Debug|Any CPU
		{690A89A5-C0D3-4B40-86A5-8DD8F61B3CD0}.Debug|Any CPU.Build.0 = Debug|Any CPU
		{690A89A5-C0D3-4B40-86A5-8DD8F61B3CD0}.Release|Any CPU.ActiveCfg = Release|Any CPU
		{690A89A5-C0D3-4B40-86A5-8DD8F61B3CD0}.Release|Any CPU.Build.0 = Release|Any CPU
		{B7D53684-C776-4D19-925A-1F3E067F0C0E}.Debug|Any CPU.ActiveCfg = Debug|Any CPU
		{B7D53684-C776-4D19-925A-1F3E067F0C0E}.Debug|Any CPU.Build.0 = Debug|Any CPU
		{B7D53684-C776-4D19-925A-1F3E067F0C0E}.Release|Any CPU.ActiveCfg = Debug|Any CPU
		{B7D53684-C776-4D19-925A-1F3E067F0C0E}.Release|Any CPU.Build.0 = Debug|Any CPU
	EndGlobalSection
	GlobalSection(SolutionProperties) = preSolution
		HideSolutionNode = FALSE
	EndGlobalSection
EndGlobal
